{
 "graph_lock": {
  "nodes": {
   "0": {
    "path": "/home/conan/training/gtest/consumer/conanfile.txt",
    "pref": null,
    "requires": [
     "1"
    ],
    "options": ""
   },
   "1": {
    "pref": "hello/0.1@user/testing#bdbad7718306fff51aa83c36b83e23fa:57547fe65fffc300f05aa42ee64b3b02eeabb6d7#ff690e55f3c6396a2b0451a5c58a03cf",
    "options": ""
   }
  }
 },
 "version": "0.3",
 "profile_host": "[settings]\narch=x86_64\narch_build=x86_64\nbuild_type=Release\ncompiler=gcc\ncompiler.libcxx=libstdc++11\ncompiler.version=6\nos=Linux\nos_build=Linux\n[options]\n[build_requires]\n[env]\n"
}