{
 "graph_lock": {
  "nodes": {
   "0": {
    "options": "zlib:fPIC=True\nzlib:minizip=False\nzlib:shared=False",
    "pref": null,
    "requires": [
     "1",
     "3",
     "2"
    ],
    "path": "/home/conan/training/requires_conflict/conanfile.txt"
   },
   "1": {
    "options": "zlib:fPIC=True\nzlib:minizip=False\nzlib:shared=False",
    "pref": "lib_a/0.1@user/testing#1716cc0491b67e3a4403ac919d9d56fb:d3cb35098bed776c3c7b6c348a6c30ac27a7423b#c11b7629e3cdf43a82ce3a94c979852e",
    "requires": [
     "2"
    ]
   },
   "2": {
    "options": "fPIC=True\nminizip=False\nshared=False",
    "pref": "zlib/1.2.11#0:f7e573cb501ccfc49e9e4d84de886bc1ef2e6ebb#0"
   },
   "3": {
    "options": "zlib:fPIC=True\nzlib:minizip=False\nzlib:shared=False",
    "pref": "lib_b/0.1@user/testing#9b3dec853c7e9f448e3fec5e3aaee604:d3cb35098bed776c3c7b6c348a6c30ac27a7423b#a2476bcc0d6cbbf644e9c42e8e3ae097",
    "requires": [
     "2"
    ]
   }
  }
 },
 "profile_host": "[settings]\narch=x86_64\narch_build=x86_64\nbuild_type=Release\ncompiler=gcc\ncompiler.libcxx=libstdc++11\ncompiler.version=6\nos=Linux\nos_build=Linux\n[options]\n[build_requires]\n[env]\n",
 "version": "0.3"
}